<Solution>
  <Project Path="Domain/Domain.csproj" />
  <Project Path="Application/Application.csproj" />
  <Project Path="Infrastructure/Infrastructure.csproj" />
  <Project Path="Web/Web.csproj" />
  <Folder Name="/Tests/">
    <Project Path="Tests/UnitTests/UnitTests.csproj" />
    <Project Path="Tests/IntegrationTests/IntegrationTests.csproj" />
  </Folder>
</Solution>
